{
  "name": "natstack",
  "lockfileVersion": 3,
  "requires": true,
  "packages": {
    "": {
      "dependencies": {
        "tm-themes": "^1.11.1"
      }
    },
    "node_modules/tm-themes": {
      "version": "1.11.1",
      "resolved": "https://registry.npmjs.org/tm-themes/-/tm-themes-1.11.1.tgz",
      "integrity": "sha512-lf4ULkNhbJJ0MFPGMz9o1rJ1OzpIxVi2V3r3assgpcktJBzGB+2RbDmSPpW8S2emHgT1V4u6fZlrWzGJUaGfCQ==",
      "license": "MIT",
      "funding": {
        "url": "https://github.com/sponsors/antfu"
      }
    }
  }
}
